<?xml version="1.0" encoding="utf-8"?>
<Project ToolsVersion="4.0" xmlns="http://schemas.microsoft.com/developer/msbuild/2003">
  <ItemGroup>
    <Filter Include="Source Files">
      <UniqueIdentifier>{4FC737F1-C7A5-4376-A066-2A32D752A2FF}</UniqueIdentifier>
      <Extensions>qml;cpp;c;cc;cxx;def;odl;idl;hpj;bat;asm;asmx</Extensions>
    </Filter>
    <Filter Include="Header Files">
      <UniqueIdentifier>{93995380-89BD-4b04-88EB-625FBE52EBFB}</UniqueIdentifier>
      <Extensions>h;hh;hpp;hxx;hm;inl;inc;xsd</Extensions>
    </Filter>
    <Filter Include="Resource Files">
      <UniqueIdentifier>{67DA6AB6-F800-4c08-8B7A-83BB121AAD01}</UniqueIdentifier>
      <Extensions>qrc;rc;ico;cur;bmp;dlg;rc2;rct;bin;rgs;gif;jpg;jpeg;jpe;resx;tiff;tif;png;wav;mfcribbon-ms</Extensions>
    </Filter>
    <Filter Include="Form Files">
      <UniqueIdentifier>{99349809-55BA-4b9d-BF79-8FDBB0286EB3}</UniqueIdentifier>
      <Extensions>ui</Extensions>
    </Filter>
    <Filter Include="Translation Files">
      <UniqueIdentifier>{639EADAA-A684-42e4-A9AD-28FC9BCB8F7C}</UniqueIdentifier>
      <Extensions>ts</Extensions>
    </Filter>
    <Filter Include="Source Files\main">
      <UniqueIdentifier>{6599acb4-6984-43cd-ba33-4cb3552550d4}</UniqueIdentifier>
    </Filter>
    <Filter Include="Source Files\graphics-view">
      <UniqueIdentifier>{dc8331b3-8318-43bd-b54d-58978800b915}</UniqueIdentifier>
    </Filter>
    <Filter Include="Header Files\graphics-view">
      <UniqueIdentifier>{f77e9dda-2529-4c22-a364-ff67c7ee1992}</UniqueIdentifier>
    </Filter>
    <Filter Include="Source Files\interact">
      <UniqueIdentifier>{dd834ca1-cab3-4a7c-8dea-259792ff7032}</UniqueIdentifier>
    </Filter>
    <Filter Include="Header Files\interact">
      <UniqueIdentifier>{c9603c4b-228b-427d-a703-92dcd3885371}</UniqueIdentifier>
    </Filter>
    <Filter Include="Source Files\forces">
      <UniqueIdentifier>{4fce32f6-d827-4826-8077-eafe659ce987}</UniqueIdentifier>
    </Filter>
    <Filter Include="Header Files\forces">
      <UniqueIdentifier>{36c76306-396f-4d3f-b54c-b6ec236e03f0}</UniqueIdentifier>
    </Filter>
    <Filter Include="Source Files\constraint">
      <UniqueIdentifier>{e547de71-f5e0-4a57-bf13-31c3b7baa976}</UniqueIdentifier>
    </Filter>
    <Filter Include="Source Files\calculate">
      <UniqueIdentifier>{955ba2a7-fd84-4be6-bb57-28271accfb98}</UniqueIdentifier>
    </Filter>
    <Filter Include="Header Files\main">
      <UniqueIdentifier>{6118c4e8-6edc-44c8-8d5f-7fb3110440c6}</UniqueIdentifier>
    </Filter>
    <Filter Include="Header Files\constarint">
      <UniqueIdentifier>{4d66d1de-9e05-40ab-bf68-be7be59083d5}</UniqueIdentifier>
    </Filter>
    <Filter Include="Header Files\calculate">
      <UniqueIdentifier>{80ecae88-41e5-4c21-9c69-77a3cc46be52}</UniqueIdentifier>
    </Filter>
  </ItemGroup>
  <ItemGroup>
    <QtRcc Include="MainWindows.qrc">
      <Filter>Resource Files</Filter>
    </QtRcc>
  </ItemGroup>
  <ItemGroup>
    <ClCompile Include="DialogAddForces.cpp">
      <Filter>Source Files</Filter>
    </ClCompile>
    <ClCompile Include="DialogEdgeAdd.cpp">
      <Filter>Source Files</Filter>
    </ClCompile>
    <ClCompile Include="MshInformation.cpp">
      <Filter>Source Files</Filter>
    </ClCompile>
    <ClCompile Include="publicElement.cpp">
      <Filter>Source Files</Filter>
    </ClCompile>
    <ClCompile Include="Controller.cpp">
      <Filter>Source Files</Filter>
    </ClCompile>
    <ClCompile Include="main.cpp">
      <Filter>Source Files\main</Filter>
    </ClCompile>
    <ClCompile Include="MyGraphicsView.cpp">
      <Filter>Source Files\graphics-view</Filter>
    </ClCompile>
    <ClCompile Include="PolygonOperator.cpp">
      <Filter>Source Files\graphics-view</Filter>
    </ClCompile>
    <ClCompile Include="CommonOperator.cpp">
      <Filter>Source Files\graphics-view</Filter>
    </ClCompile>
    <ClCompile Include="RectOperator.cpp">
      <Filter>Source Files\graphics-view</Filter>
    </ClCompile>
    <ClCompile Include="CircleOperator.cpp">
      <Filter>Source Files\graphics-view</Filter>
    </ClCompile>
    <ClCompile Include="MyGradientLabel.cpp">
      <Filter>Source Files\graphics-view</Filter>
    </ClCompile>
    <ClCompile Include="MyStackedWidget.cpp">
      <Filter>Source Files\interact</Filter>
    </ClCompile>
    <ClCompile Include="keyFocusFixFilter.cpp">
      <Filter>Source Files\interact</Filter>
    </ClCompile>
    <ClCompile Include="ForceGraphicsItem.cpp">
      <Filter>Source Files\forces</Filter>
    </ClCompile>
    <ClCompile Include="keyFocusFixFilter.cpp">
      <Filter>Source Files\interact</Filter>
    </ClCompile>
    <ClCompile Include="ConcentratedForceOperator.cpp">
      <Filter>Source Files\graphics-view</Filter>
    </ClCompile>
    <ClCompile Include="UniformForceGraphicsItem.cpp">
      <Filter>Source Files\forces</Filter>
    </ClCompile>
    <ClCompile Include="UniformForceOperator.cpp">
      <Filter>Source Files\graphics-view</Filter>
    </ClCompile>
    <ClCompile Include="AddConstraintOperator.cpp">
      <Filter>Source Files\constraint</Filter>
    </ClCompile>
    <ClCompile Include="MainWindow.cpp">
      <Filter>Source Files\main</Filter>
    </ClCompile>
    <ClCompile Include="CalcTools.cpp">
      <Filter>Source Files\calculate</Filter>
    </ClCompile>
  </ItemGroup>
  <ItemGroup>
    <QtUic Include="MainWindow.ui">
      <Filter>Form Files</Filter>
    </QtUic>
    <QtUic Include="DialogAddForces.ui">
      <Filter>Form Files</Filter>
    </QtUic>
    <QtUic Include="DialogEdgeAdd.ui">
      <Filter>Form Files</Filter>
    </QtUic>
  </ItemGroup>
  <ItemGroup>
    <QtMoc Include="DialogAddForces.h">
      <Filter>Header Files</Filter>
    </QtMoc>
    <QtMoc Include="DialogEdgeAdd.h">
      <Filter>Header Files</Filter>
    </QtMoc>
    <QtMoc Include="Controller.h">
      <Filter>Header Files</Filter>
    </QtMoc>
    <QtMoc Include="MyGraphicsView.h">
      <Filter>Header Files\graphics-view</Filter>
    </QtMoc>
    <QtMoc Include="MyGradientLabel.h">
      <Filter>Header Files\graphics-view</Filter>
    </QtMoc>
    <QtMoc Include="MyStackedWidget.h">
      <Filter>Header Files\interact</Filter>
    </QtMoc>
    <QtMoc Include="keyFocusFixFilter.h">
      <Filter>Header Files\interact</Filter>
    </QtMoc>
    <QtMoc Include="ForceGraphicsItem.h">
      <Filter>Header Files\forces</Filter>
    </QtMoc>
    <QtMoc Include="ForceGraphicsItem.h">
      <Filter>Header Files\forces</Filter>
    </QtMoc>
    <QtMoc Include="UniformForceGraphicsItem.h">
      <Filter>Header Files\forces</Filter>
    </QtMoc>
    <QtMoc Include="MainWindow.h">
      <Filter>Header Files\main</Filter>
    </QtMoc>
  </ItemGroup>
  <ItemGroup>
    <ClInclude Include="MshInformation.h">
      <Filter>Header Files</Filter>
    </ClInclude>
    <ClInclude Include="publicElement.h">
      <Filter>Header Files</Filter>
    </ClInclude>
    <ClInclude Include="AbstractGraphicsviewOperator.h">
      <Filter>Header Files\graphics-view</Filter>
    </ClInclude>
    <ClInclude Include="PolygonOperator.h">
      <Filter>Header Files\graphics-view</Filter>
    </ClInclude>
    <ClInclude Include="CommonOperator.h">
      <Filter>Header Files\graphics-view</Filter>
    </ClInclude>
    <ClInclude Include="RectOperator.h">
      <Filter>Header Files\graphics-view</Filter>
    </ClInclude>
    <ClInclude Include="CircleOperator.h">
      <Filter>Header Files\graphics-view</Filter>
    </ClInclude>
    <ClInclude Include="ConcentratedForceOperator.h">
      <Filter>Header Files\graphics-view</Filter>
    </ClInclude>
    <ClInclude Include="UniformForceOperator.h">
      <Filter>Header Files\graphics-view</Filter>
    </ClInclude>
    <ClInclude Include="AddConstraintOperator.h">
      <Filter>Header Files\constarint</Filter>
    </ClInclude>
    <ClInclude Include="CalcTools.h">
      <Filter>Header Files\calculate</Filter>
    </ClInclude>
    <ClInclude Include="cusolver_utils.h">
      <Filter>Header Files\calculate</Filter>
    </ClInclude>
  </ItemGroup>
  <ItemGroup>
    <None Include="ManjaroMix.qss">
      <Filter>Resource Files</Filter>
    </None>
  </ItemGroup>
  <ItemGroup>
    <CudaCompile Include="MatrixSolver.cu">
      <Filter>Source Files\calculate</Filter>
    </CudaCompile>
  </ItemGroup>
</Project>